// !$*UTF8*$!
{
	archiveVersion = 1;
	classes = {
	};
	objectVersion = 50;
	objects = {

/* Begin PBXBuildFile section */
		EE1594A5257AF52000FEEB54 /* MailboxData.swift in Sources */ = {isa = PBXBuildFile; fileRef = EE1594A4257AF52000FEEB54 /* MailboxData.swift */; };
		EE9D647B255E26E000ED1CD8 /* AppDelegate.swift in Sources */ = {isa = PBXBuildFile; fileRef = EE9D647A255E26E000ED1CD8 /* AppDelegate.swift */; };
		EE9D647D255E26E000ED1CD8 /* SceneDelegate.swift in Sources */ = {isa = PBXBuildFile; fileRef = EE9D647C255E26E000ED1CD8 /* SceneDelegate.swift */; };
		EE9D647F255E26E000ED1CD8 /* FirstViewController.swift in Sources */ = {isa = PBXBuildFile; fileRef = EE9D647E255E26E000ED1CD8 /* FirstViewController.swift */; };
		EE9D6481255E26E000ED1CD8 /* SecondViewController.swift in Sources */ = {isa = PBXBuildFile; fileRef = EE9D6480255E26E000ED1CD8 /* SecondViewController.swift */; };
		EE9D6484255E26E000ED1CD8 /* Main.storyboard in Resources */ = {isa = PBXBuildFile; fileRef = EE9D6482255E26E000ED1CD8 /* Main.storyboard */; };
		EE9D6486255E26E300ED1CD8 /* Assets.xcassets in Resources */ = {isa = PBXBuildFile; fileRef = EE9D6485255E26E300ED1CD8 /* Assets.xcassets */; };
		EE9D6489255E26E300ED1CD8 /* LaunchScreen.storyboard in Resources */ = {isa = PBXBuildFile; fileRef = EE9D6487255E26E300ED1CD8 /* LaunchScreen.storyboard */; };
		EE9D6494255E26E300ED1CD8 /* Mailbox_FinderTests.swift in Sources */ = {isa = PBXBuildFile; fileRef = EE9D6493255E26E300ED1CD8 /* Mailbox_FinderTests.swift */; };
		EE9D649F255E26E300ED1CD8 /* Mailbox_FinderUITests.swift in Sources */ = {isa = PBXBuildFile; fileRef = EE9D649E255E26E300ED1CD8 /* Mailbox_FinderUITests.swift */; };
/* End PBXBuildFile section */

/* Begin PBXContainerItemProxy section */
		EE9D6490255E26E300ED1CD8 /* PBXContainerItemProxy */ = {
			isa = PBXContainerItemProxy;
			containerPortal = EE9D646F255E26E000ED1CD8 /* Project object */;
			proxyType = 1;
			remoteGlobalIDString = EE9D6476255E26E000ED1CD8;
			remoteInfo = "Mailbox Finder";
		};
		EE9D649B255E26E300ED1CD8 /* PBXContainerItemProxy */ = {
			isa = PBXContainerItemProxy;
			containerPortal = EE9D646F255E26E000ED1CD8 /* Project object */;
			proxyType = 1;
			remoteGlobalIDString = EE9D6476255E26E000ED1CD8;
			remoteInfo = "Mailbox Finder";
		};
/* End PBXContainerItemProxy section */

/* Begin PBXFileReference section */
		EE1594A4257AF52000FEEB54 /* MailboxData.swift */ = {isa = PBXFileReference; lastKnownFileType = sourcecode.swift; path = MailboxData.swift; sourceTree = "<group>"; };
		EE9D6477255E26E000ED1CD8 /* Mailbox Finder.app */ = {isa = PBXFileReference; explicitFileType = wrapper.application; includeInIndex = 0; path = "Mailbox Finder.app"; sourceTree = BUILT_PRODUCTS_DIR; };
		EE9D647A255E26E000ED1CD8 /* AppDelegate.swift */ = {isa = PBXFileReference; lastKnownFileType = sourcecode.swift; path = AppDelegate.swift; sourceTree = "<group>"; };
		EE9D647C255E26E000ED1CD8 /* SceneDelegate.swift */ = {isa = PBXFileReference; lastKnownFileType = sourcecode.swift; path = SceneDelegate.swift; sourceTree = "<group>"; };
		EE9D647E255E26E000ED1CD8 /* FirstViewController.swift */ = {isa = PBXFileReference; lastKnownFileType = sourcecode.swift; path = FirstViewController.swift; sourceTree = "<group>"; };
		EE9D6480255E26E000ED1CD8 /* SecondViewController.swift */ = {isa = PBXFileReference; lastKnownFileType = sourcecode.swift; path = SecondViewController.swift; sourceTree = "<group>"; };
		EE9D6483255E26E000ED1CD8 /* Base */ = {isa = PBXFileReference; lastKnownFileType = file.storyboard; name = Base; path = Base.lproj/Main.storyboard; sourceTree = "<group>"; };
		EE9D6485255E26E300ED1CD8 /* Assets.xcassets */ = {isa = PBXFileReference; lastKnownFileType = folder.assetcatalog; path = Assets.xcassets; sourceTree = "<group>"; };
		EE9D6488255E26E300ED1CD8 /* Base */ = {isa = PBXFileReference; lastKnownFileType = file.storyboard; name = Base; path = Base.lproj/LaunchScreen.storyboard; sourceTree = "<group>"; };
		EE9D648A255E26E300ED1CD8 /* Info.plist */ = {isa = PBXFileReference; lastKnownFileType = text.plist.xml; path = Info.plist; sourceTree = "<group>"; };
		EE9D648F255E26E300ED1CD8 /* Mailbox FinderTests.xctest */ = {isa = PBXFileReference; explicitFileType = wrapper.cfbundle; includeInIndex = 0; path = "Mailbox FinderTests.xctest"; sourceTree = BUILT_PRODUCTS_DIR; };
		EE9D6493255E26E300ED1CD8 /* Mailbox_FinderTests.swift */ = {isa = PBXFileReference; lastKnownFileType = sourcecode.swift; path = Mailbox_FinderTests.swift; sourceTree = "<group>"; };
		EE9D6495255E26E300ED1CD8 /* Info.plist */ = {isa = PBXFileReference; lastKnownFileType = text.plist.xml; path = Info.plist; sourceTree = "<group>"; };
		EE9D649A255E26E300ED1CD8 /* Mailbox FinderUITests.xctest */ = {isa = PBXFileReference; explicitFileType = wrapper.cfbundle; includeInIndex = 0; path = "Mailbox FinderUITests.xctest"; sourceTree = BUILT_PRODUCTS_DIR; };
		EE9D649E255E26E300ED1CD8 /* Mailbox_FinderUITests.swift */ = {isa = PBXFileReference; lastKnownFileType = sourcecode.swift; path = Mailbox_FinderUITests.swift; sourceTree = "<group>"; };
		EE9D64A0255E26E300ED1CD8 /* Info.plist */ = {isa = PBXFileReference; lastKnownFileType = text.plist.xml; path = Info.plist; sourceTree = "<group>"; };
/* End PBXFileReference section */

/* Begin PBXFrameworksBuildPhase section */
		EE9D6474255E26E000ED1CD8 /* Frameworks */ = {
			isa = PBXFrameworksBuildPhase;
			buildActionMask = 2147483647;
			files = (
			);
			runOnlyForDeploymentPostprocessing = 0;
		};
		EE9D648C255E26E300ED1CD8 /* Frameworks */ = {
			isa = PBXFrameworksBuildPhase;
			buildActionMask = 2147483647;
			files = (
			);
			runOnlyForDeploymentPostprocessing = 0;
		};
		EE9D6497255E26E300ED1CD8 /* Frameworks */ = {
			isa = PBXFrameworksBuildPhase;
			buildActionMask = 2147483647;
			files = (
			);
			runOnlyForDeploymentPostprocessing = 0;
		};
/* End PBXFrameworksBuildPhase section */

/* Begin PBXGroup section */
		EE9D646E255E26E000ED1CD8 = {
			isa = PBXGroup;
			children = (
				EE9D6479255E26E000ED1CD8 /* Mailbox Finder */,
				EE9D6492255E26E300ED1CD8 /* Mailbox FinderTests */,
				EE9D649D255E26E300ED1CD8 /* Mailbox FinderUITests */,
				EE9D6478255E26E000ED1CD8 /* Products */,
			);
			sourceTree = "<group>";
		};
		EE9D6478255E26E000ED1CD8 /* Products */ = {
			isa = PBXGroup;
			children = (
				EE9D6477255E26E000ED1CD8 /* Mailbox Finder.app */,
				EE9D648F255E26E300ED1CD8 /* Mailbox FinderTests.xctest */,
				EE9D649A255E26E300ED1CD8 /* Mailbox FinderUITests.xctest */,
			);
			name = Products;
			sourceTree = "<group>";
		};
		EE9D6479255E26E000ED1CD8 /* Mailbox Finder */ = {
			isa = PBXGroup;
			children = (
				EE9D647A255E26E000ED1CD8 /* AppDelegate.swift */,
				EE9D647C255E26E000ED1CD8 /* SceneDelegate.swift */,
				EE9D647E255E26E000ED1CD8 /* FirstViewController.swift */,
				EE1594A4257AF52000FEEB54 /* MailboxData.swift */,
				EE9D6480255E26E000ED1CD8 /* SecondViewController.swift */,
				EE9D6482255E26E000ED1CD8 /* Main.storyboard */,
				EE9D6485255E26E300ED1CD8 /* Assets.xcassets */,
				EE9D6487255E26E300ED1CD8 /* LaunchScreen.storyboard */,
				EE9D648A255E26E300ED1CD8 /* Info.plist */,
			);
			path = "Mailbox Finder";
			sourceTree = "<group>";
		};
		EE9D6492255E26E300ED1CD8 /* Mailbox FinderTests */ = {
			isa = PBXGroup;
			children = (
				EE9D6493255E26E300ED1CD8 /* Mailbox_FinderTests.swift */,
				EE9D6495255E26E300ED1CD8 /* Info.plist */,
			);
			path = "Mailbox FinderTests";
			sourceTree = "<group>";
		};
		EE9D649D255E26E300ED1CD8 /* Mailbox FinderUITests */ = {
			isa = PBXGroup;
			children = (
				EE9D649E255E26E300ED1CD8 /* Mailbox_FinderUITests.swift */,
				EE9D64A0255E26E300ED1CD8 /* Info.plist */,
			);
			path = "Mailbox FinderUITests";
			sourceTree = "<group>";
		};
/* End PBXGroup section */

/* Begin PBXNativeTarget section */
		EE9D6476255E26E000ED1CD8 /* Mailbox Finder */ = {
			isa = PBXNativeTarget;
			buildConfigurationList = EE9D64A3255E26E300ED1CD8 /* Build configuration list for PBXNativeTarget "Mailbox Finder" */;
			buildPhases = (
				EE9D6473255E26E000ED1CD8 /* Sources */,
				EE9D6474255E26E000ED1CD8 /* Frameworks */,
				EE9D6475255E26E000ED1CD8 /* Resources */,
			);
			buildRules = (
			);
			dependencies = (
			);
			name = "Mailbox Finder";
			productName = "Mailbox Finder";
			productReference = EE9D6477255E26E000ED1CD8 /* Mailbox Finder.app */;
			productType = "com.apple.product-type.application";
		};
		EE9D648E255E26E300ED1CD8 /* Mailbox FinderTests */ = {
			isa = PBXNativeTarget;
			buildConfigurationList = EE9D64A6255E26E300ED1CD8 /* Build configuration list for PBXNativeTarget "Mailbox FinderTests" */;
			buildPhases = (
				EE9D648B255E26E300ED1CD8 /* Sources */,
				EE9D648C255E26E300ED1CD8 /* Frameworks */,
				EE9D648D255E26E300ED1CD8 /* Resources */,
			);
			buildRules = (
			);
			dependencies = (
				EE9D6491255E26E300ED1CD8 /* PBXTargetDependency */,
			);
			name = "Mailbox FinderTests";
			productName = "Mailbox FinderTests";
			productReference = EE9D648F255E26E300ED1CD8 /* Mailbox FinderTests.xctest */;
			productType = "com.apple.product-type.bundle.unit-test";
		};
		EE9D6499255E26E300ED1CD8 /* Mailbox FinderUITests */ = {
			isa = PBXNativeTarget;
			buildConfigurationList = EE9D64A9255E26E300ED1CD8 /* Build configuration list for PBXNativeTarget "Mailbox FinderUITests" */;
			buildPhases = (
				EE9D6496255E26E300ED1CD8 /* Sources */,
				EE9D6497255E26E300ED1CD8 /* Frameworks */,
				EE9D6498255E26E300ED1CD8 /* Resources */,
			);
			buildRules = (
			);
			dependencies = (
				EE9D649C255E26E300ED1CD8 /* PBXTargetDependency */,
			);
			name = "Mailbox FinderUITests";
			productName = "Mailbox FinderUITests";
			productReference = EE9D649A255E26E300ED1CD8 /* Mailbox FinderUITests.xctest */;
			productType = "com.apple.product-type.bundle.ui-testing";
		};
/* End PBXNativeTarget section */

/* Begin PBXProject section */
		EE9D646F255E26E000ED1CD8 /* Project object */ = {
			isa = PBXProject;
			attributes = {
				LastSwiftUpdateCheck = 1170;
				LastUpgradeCheck = 1170;
				ORGANIZATIONNAME = "Noah List";
				TargetAttributes = {
					EE9D6476255E26E000ED1CD8 = {
						CreatedOnToolsVersion = 11.7;
					};
					EE9D648E255E26E300ED1CD8 = {
						CreatedOnToolsVersion = 11.7;
						TestTargetID = EE9D6476255E26E000ED1CD8;
					};
					EE9D6499255E26E300ED1CD8 = {
						CreatedOnToolsVersion = 11.7;
						TestTargetID = EE9D6476255E26E000ED1CD8;
					};
				};
			};
			buildConfigurationList = EE9D6472255E26E000ED1CD8 /* Build configuration list for PBXProject "Mailbox Finder" */;
			compatibilityVersion = "Xcode 9.3";
			developmentRegion = en;
			hasScannedForEncodings = 0;
			knownRegions = (
				en,
				Base,
			);
			mainGroup = EE9D646E255E26E000ED1CD8;
			productRefGroup = EE9D6478255E26E000ED1CD8 /* Products */;
			projectDirPath = "";
			projectRoot = "";
			targets = (
				EE9D6476255E26E000ED1CD8 /* Mailbox Finder */,
				EE9D648E255E26E300ED1CD8 /* Mailbox FinderTests */,
				EE9D6499255E26E300ED1CD8 /* Mailbox FinderUITests */,
			);
		};
/* End PBXProject section */

/* Begin PBXResourcesBuildPhase section */
		EE9D6475255E26E000ED1CD8 /* Resources */ = {
			isa = PBXResourcesBuildPhase;
			buildActionMask = 2147483647;
			files = (
				EE9D6489255E26E300ED1CD8 /* LaunchScreen.storyboard in Resources */,
				EE9D6486255E26E300ED1CD8 /* Assets.xcassets in Resources */,
				EE9D6484255E26E000ED1CD8 /* Main.storyboard in Resources */,
			);
			runOnlyForDeploymentPostprocessing = 0;
		};
		EE9D648D255E26E300ED1CD8 /* Resources */ = {
			isa = PBXResourcesBuildPhase;
			buildActionMask = 2147483647;
			files = (
			);
			runOnlyForDeploymentPostprocessing = 0;
		};
		EE9D6498255E26E300ED1CD8 /* Resources */ = {
			isa = PBXResourcesBuildPhase;
			buildActionMask = 2147483647;
			files = (
			);
			runOnlyForDeploymentPostprocessing = 0;
		};
/* End PBXResourcesBuildPhase section */

/* Begin PBXSourcesBuildPhase section */
		EE9D6473255E26E000ED1CD8 /* Sources */ = {
			isa = PBXSourcesBuildPhase;
			buildActionMask = 2147483647;
			files = (
				EE1594A5257AF52000FEEB54 /* MailboxData.swift in Sources */,
				EE9D6481255E26E000ED1CD8 /* SecondViewController.swift in Sources */,
				EE9D647F255E26E000ED1CD8 /* FirstViewController.swift in Sources */,
				EE9D647B255E26E000ED1CD8 /* AppDelegate.swift in Sources */,
				EE9D647D255E26E000ED1CD8 /* SceneDelegate.swift in Sources */,
			);
			runOnlyForDeploymentPostprocessing = 0;
		};
		EE9D648B255E26E300ED1CD8 /* Sources */ = {
			isa = PBXSourcesBuildPhase;
			buildActionMask = 2147483647;
			files = (
				EE9D6494255E26E300ED1CD8 /* Mailbox_FinderTests.swift in Sources */,
			);
			runOnlyForDeploymentPostprocessing = 0;
		};
		EE9D6496255E26E300ED1CD8 /* Sources */ = {
			isa = PBXSourcesBuildPhase;
			buildActionMask = 2147483647;
			files = (
				EE9D649F255E26E300ED1CD8 /* Mailbox_FinderUITests.swift in Sources */,
			);
			runOnlyForDeploymentPostprocessing = 0;
		};
/* End PBXSourcesBuildPhase section */

/* Begin PBXTargetDependency section */
		EE9D6491255E26E300ED1CD8 /* PBXTargetDependency */ = {
			isa = PBXTargetDependency;
			target = EE9D6476255E26E000ED1CD8 /* Mailbox Finder */;
			targetProxy = EE9D6490255E26E300ED1CD8 /* PBXContainerItemProxy */;
		};
		EE9D649C255E26E300ED1CD8 /* PBXTargetDependency */ = {
			isa = PBXTargetDependency;
			target = EE9D6476255E26E000ED1CD8 /* Mailbox Finder */;
			targetProxy = EE9D649B255E26E300ED1CD8 /* PBXContainerItemProxy */;
		};
/* End PBXTargetDependency section */

/* Begin PBXVariantGroup section */
		EE9D6482255E26E000ED1CD8 /* Main.storyboard */ = {
			isa = PBXVariantGroup;
			children = (
				EE9D6483255E26E000ED1CD8 /* Base */,
			);
			name = Main.storyboard;
			sourceTree = "<group>";
		};
		EE9D6487255E26E300ED1CD8 /* LaunchScreen.storyboard */ = {
			isa = PBXVariantGroup;
			children = (
				EE9D6488255E26E300ED1CD8 /* Base */,
			);
			name = LaunchScreen.storyboard;
			sourceTree = "<group>";
		};
/* End PBXVariantGroup section */

/* Begin XCBuildConfiguration section */
		EE9D64A1255E26E300ED1CD8 /* Debug */ = {
			isa = XCBuildConfiguration;
			buildSettings = {
				ALWAYS_SEARCH_USER_PATHS = NO;
				CLANG_ANALYZER_NONNULL = YES;
				CLANG_ANALYZER_NUMBER_OBJECT_CONVERSION = YES_AGGRESSIVE;
				CLANG_CXX_LANGUAGE_STANDARD = "gnu++14";
				CLANG_CXX_LIBRARY = "libc++";
				CLANG_ENABLE_MODULES = YES;
				CLANG_ENABLE_OBJC_ARC = YES;
				CLANG_ENABLE_OBJC_WEAK = YES;
				CLANG_WARN_BLOCK_CAPTURE_AUTORELEASING = YES;
				CLANG_WARN_BOOL_CONVERSION = YES;
				CLANG_WARN_COMMA = YES;
				CLANG_WARN_CONSTANT_CONVERSION = YES;
				CLANG_WARN_DEPRECATED_OBJC_IMPLEMENTATIONS = YES;
				CLANG_WARN_DIRECT_OBJC_ISA_USAGE = YES_ERROR;
				CLANG_WARN_DOCUMENTATION_COMMENTS = YES;
				CLANG_WARN_EMPTY_BODY = YES;
				CLANG_WARN_ENUM_CONVERSION = YES;
				CLANG_WARN_INFINITE_RECURSION = YES;
				CLANG_WARN_INT_CONVERSION = YES;
				CLANG_WARN_NON_LITERAL_NULL_CONVERSION = YES;
				CLANG_WARN_OBJC_IMPLICIT_RETAIN_SELF = YES;
				CLANG_WARN_OBJC_LITERAL_CONVERSION = YES;
				CLANG_WARN_OBJC_ROOT_CLASS = YES_ERROR;
				CLANG_WARN_RANGE_LOOP_ANALYSIS = YES;
				CLANG_WARN_STRICT_PROTOTYPES = YES;
				CLANG_WARN_SUSPICIOUS_MOVE = YES;
				CLANG_WARN_UNGUARDED_AVAILABILITY = YES_AGGRESSIVE;
				CLANG_WARN_UNREACHABLE_CODE = YES;
				CLANG_WARN__DUPLICATE_METHOD_MATCH = YES;
				COPY_PHASE_STRIP = NO;
				DEBUG_INFORMATION_FORMAT = dwarf;
				ENABLE_STRICT_OBJC_MSGSEND = YES;
				ENABLE_TESTABILITY = YES;
				GCC_C_LANGUAGE_STANDARD = gnu11;
				GCC_DYNAMIC_NO_PIC = NO;
				GCC_NO_COMMON_BLOCKS = YES;
				GCC_OPTIMIZATION_LEVEL = 0;
				GCC_PREPROCESSOR_DEFINITIONS = (
					"DEBUG=1",
					"$(inherited)",
				);
				GCC_WARN_64_TO_32_BIT_CONVERSION = YES;
				GCC_WARN_ABOUT_RETURN_TYPE = YES_ERROR;
				GCC_WARN_UNDECLARED_SELECTOR = YES;
				GCC_WARN_UNINITIALIZED_AUTOS = YES_AGGRESSIVE;
				GCC_WARN_UNUSED_FUNCTION = YES;
				GCC_WARN_UNUSED_VARIABLE = YES;
				IPHONEOS_DEPLOYMENT_TARGET = 13.7;
				MTL_ENABLE_DEBUG_INFO = INCLUDE_SOURCE;
				MTL_FAST_MATH = YES;
				ONLY_ACTIVE_ARCH = YES;
				SDKROOT = iphoneos;
				SWIFT_ACTIVE_COMPILATION_CONDITIONS = DEBUG;
				SWIFT_OPTIMIZATION_LEVEL = "-Onone";
			};
			name = Debug;
		};
		EE9D64A2255E26E300ED1CD8 /* Release */ = {
			isa = XCBuildConfiguration;
			buildSettings = {
				ALWAYS_SEARCH_USER_PATHS = NO;
				CLANG_ANALYZER_NONNULL = YES;
				CLANG_ANALYZER_NUMBER_OBJECT_CONVERSION = YES_AGGRESSIVE;
				CLANG_CXX_LANGUAGE_STANDARD = "gnu++14";
				CLANG_CXX_LIBRARY = "libc++";
				CLANG_ENABLE_MODULES = YES;
				CLANG_ENABLE_OBJC_ARC = YES;
				CLANG_ENABLE_OBJC_WEAK = YES;
				CLANG_WARN_BLOCK_CAPTURE_AUTORELEASING = YES;
				CLANG_WARN_BOOL_CONVERSION = YES;
				CLANG_WARN_COMMA = YES;
				CLANG_WARN_CONSTANT_CONVERSION = YES;
				CLANG_WARN_DEPRECATED_OBJC_IMPLEMENTATIONS = YES;
				CLANG_WARN_DIRECT_OBJC_ISA_USAGE = YES_ERROR;
				CLANG_WARN_DOCUMENTATION_COMMENTS = YES;
				CLANG_WARN_EMPTY_BODY = YES;
				CLANG_WARN_ENUM_CONVERSION = YES;
				CLANG_WARN_INFINITE_RECURSION = YES;
				CLANG_WARN_INT_CONVERSION = YES;
				CLANG_WARN_NON_LITERAL_NULL_CONVERSION = YES;
				CLANG_WARN_OBJC_IMPLICIT_RETAIN_SELF = YES;
				CLANG_WARN_OBJC_LITERAL_CONVERSION = YES;
				CLANG_WARN_OBJC_ROOT_CLASS = YES_ERROR;
				CLANG_WARN_RANGE_LOOP_ANALYSIS = YES;
				CLANG_WARN_STRICT_PROTOTYPES = YES;
				CLANG_WARN_SUSPICIOUS_MOVE = YES;
				CLANG_WARN_UNGUARDED_AVAILABILITY = YES_AGGRESSIVE;
				CLANG_WARN_UNREACHABLE_CODE = YES;
				CLANG_WARN__DUPLICATE_METHOD_MATCH = YES;
				COPY_PHASE_STRIP = NO;
				DEBUG_INFORMATION_FORMAT = "dwarf-with-dsym";
				ENABLE_NS_ASSERTIONS = NO;
				ENABLE_STRICT_OBJC_MSGSEND = YES;
				GCC_C_LANGUAGE_STANDARD = gnu11;
				GCC_NO_COMMON_BLOCKS = YES;
				GCC_WARN_64_TO_32_BIT_CONVERSION = YES;
				GCC_WARN_ABOUT_RETURN_TYPE = YES_ERROR;
				GCC_WARN_UNDECLARED_SELECTOR = YES;
				GCC_WARN_UNINITIALIZED_AUTOS = YES_AGGRESSIVE;
				GCC_WARN_UNUSED_FUNCTION = YES;
				GCC_WARN_UNUSED_VARIABLE = YES;
				IPHONEOS_DEPLOYMENT_TARGET = 13.7;
				MTL_ENABLE_DEBUG_INFO = NO;
				MTL_FAST_MATH = YES;
				SDKROOT = iphoneos;
				SWIFT_COMPILATION_MODE = wholemodule;
				SWIFT_OPTIMIZATION_LEVEL = "-O";
				VALIDATE_PRODUCT = YES;
			};
			name = Release;
		};
		EE9D64A4255E26E300ED1CD8 /* Debug */ = {
			isa = XCBuildConfiguration;
			buildSettings = {
				ASSETCATALOG_COMPILER_APPICON_NAME = AppIcon;
				CODE_SIGN_STYLE = Automatic;
				CURRENT_PROJECT_VERSION = 2;
				DEVELOPMENT_TEAM = S4R99NX9AG;
				INFOPLIST_FILE = "Mailbox Finder/Info.plist";
				LD_RUNPATH_SEARCH_PATHS = (
					"$(inherited)",
					"@executable_path/Frameworks",
				);
				MARKETING_VERSION = 1.0.5;
				PRODUCT_BUNDLE_IDENTIFIER = "com.noahlist.Mailbox-Finder";
				PRODUCT_NAME = "$(TARGET_NAME)";
				SWIFT_VERSION = 5.0;
				TARGETED_DEVICE_FAMILY = 1;
			};
			name = Debug;
		};
		EE9D64A5255E26E300ED1CD8 /* Release */ = {
			isa = XCBuildConfiguration;
			buildSettings = {
				ASSETCATALOG_COMPILER_APPICON_NAME = AppIcon;
				CODE_SIGN_STYLE = Automatic;
				CURRENT_PROJECT_VERSION = 2;
				DEVELOPMENT_TEAM = S4R99NX9AG;
				INFOPLIST_FILE = "Mailbox Finder/Info.plist";
				LD_RUNPATH_SEARCH_PATHS = (
					"$(inherited)",
					"@executable_path/Frameworks",
				);
				MARKETING_VERSION = 1.0.5;
				PRODUCT_BUNDLE_IDENTIFIER = "com.noahlist.Mailbox-Finder";
				PRODUCT_NAME = "$(TARGET_NAME)";
				SWIFT_VERSION = 5.0;
				TARGETED_DEVICE_FAMILY = 1;
			};
			name = Release;
		};
		EE9D64A7255E26E300ED1CD8 /* Debug */ = {
			isa = XCBuildConfiguration;
			buildSettings = {
				ALWAYS_EMBED_SWIFT_STANDARD_LIBRARIES = YES;
				BUNDLE_LOADER = "$(TEST_HOST)";
				CODE_SIGN_STYLE = Automatic;
				DEVELOPMENT_TEAM = S4R99NX9AG;
				INFOPLIST_FILE = "Mailbox FinderTests/Info.plist";
				IPHONEOS_DEPLOYMENT_TARGET = 13.7;
				LD_RUNPATH_SEARCH_PATHS = (
					"$(inherited)",
					"@executable_path/Frameworks",
					"@loader_path/Frameworks",
				);
				PRODUCT_BUNDLE_IDENTIFIER = "com.noahlist.Mailbox-FinderTests";
				PRODUCT_NAME = "$(TARGET_NAME)";
				SWIFT_VERSION = 5.0;
				TARGETED_DEVICE_FAMILY = "1,2";
				TEST_HOST = "$(BUILT_PRODUCTS_DIR)/Mailbox Finder.app/Mailbox Finder";
			};
			name = Debug;
		};
		EE9D64A8255E26E300ED1CD8 /* Release */ = {
			isa = XCBuildConfiguration;
			buildSettings = {
				ALWAYS_EMBED_SWIFT_STANDARD_LIBRARIES = YES;
				BUNDLE_LOADER = "$(TEST_HOST)";
				CODE_SIGN_STYLE = Automatic;
				DEVELOPMENT_TEAM = S4R99NX9AG;
				INFOPLIST_FILE = "Mailbox FinderTests/Info.plist";
				IPHONEOS_DEPLOYMENT_TARGET = 13.7;
				LD_RUNPATH_SEARCH_PATHS = (
					"$(inherited)",
					"@executable_path/Frameworks",
					"@loader_path/Frameworks",
				);
				PRODUCT_BUNDLE_IDENTIFIER = "com.noahlist.Mailbox-FinderTests";
				PRODUCT_NAME = "$(TARGET_NAME)";
				SWIFT_VERSION = 5.0;
				TARGETED_DEVICE_FAMILY = "1,2";
				TEST_HOST = "$(BUILT_PRODUCTS_DIR)/Mailbox Finder.app/Mailbox Finder";
			};
			name = Release;
		};
		EE9D64AA255E26E300ED1CD8 /* Debug */ = {
			isa = XCBuildConfiguration;
			buildSettings = {
				ALWAYS_EMBED_SWIFT_STANDARD_LIBRARIES = YES;
				CODE_SIGN_STYLE = Automatic;
				DEVELOPMENT_TEAM = S4R99NX9AG;
				INFOPLIST_FILE = "Mailbox FinderUITests/Info.plist";
				LD_RUNPATH_SEARCH_PATHS = (
					"$(inherited)",
					"@executable_path/Frameworks",
					"@loader_path/Frameworks",
				);
				PRODUCT_BUNDLE_IDENTIFIER = "com.noahlist.Mailbox-FinderUITests";
				PRODUCT_NAME = "$(TARGET_NAME)";
				SWIFT_VERSION = 5.0;
				TARGETED_DEVICE_FAMILY = "1,2";
				TEST_TARGET_NAME = "Mailbox Finder";
			};
			name = Debug;
		};
		EE9D64AB255E26E300ED1CD8 /* Release */ = {
			isa = XCBuildConfiguration;
			buildSettings = {
				ALWAYS_EMBED_SWIFT_STANDARD_LIBRARIES = YES;
				CODE_SIGN_STYLE = Automatic;
				DEVELOPMENT_TEAM = S4R99NX9AG;
				INFOPLIST_FILE = "Mailbox FinderUITests/Info.plist";
				LD_RUNPATH_SEARCH_PATHS = (
					"$(inherited)",
					"@executable_path/Frameworks",
					"@loader_path/Frameworks",
				);
				PRODUCT_BUNDLE_IDENTIFIER = "com.noahlist.Mailbox-FinderUITests";
				PRODUCT_NAME = "$(TARGET_NAME)";
				SWIFT_VERSION = 5.0;
				TARGETED_DEVICE_FAMILY = "1,2";
				TEST_TARGET_NAME = "Mailbox Finder";
			};
			name = Release;
		};
/* End XCBuildConfiguration section */

/* Begin XCConfigurationList section */
		EE9D6472255E26E000ED1CD8 /* Build configuration list for PBXProject "Mailbox Finder" */ = {
			isa = XCConfigurationList;
			buildConfigurations = (
				EE9D64A1255E26E300ED1CD8 /* Debug */,
				EE9D64A2255E26E300ED1CD8 /* Release */,
			);
			defaultConfigurationIsVisible = 0;
			defaultConfigurationName = Release;
		};
		EE9D64A3255E26E300ED1CD8 /* Build configuration list for PBXNativeTarget "Mailbox Finder" */ = {
			isa = XCConfigurationList;
			buildConfigurations = (
				EE9D64A4255E26E300ED1CD8 /* Debug */,
				EE9D64A5255E26E300ED1CD8 /* Release */,
			);
			defaultConfigurationIsVisible = 0;
			defaultConfigurationName = Release;
		};
		EE9D64A6255E26E300ED1CD8 /* Build configuration list for PBXNativeTarget "Mailbox FinderTests" */ = {
			isa = XCConfigurationList;
			buildConfigurations = (
				EE9D64A7255E26E300ED1CD8 /* Debug */,
				EE9D64A8255E26E300ED1CD8 /* Release */,
			);
			defaultConfigurationIsVisible = 0;
			defaultConfigurationName = Release;
		};
		EE9D64A9255E26E300ED1CD8 /* Build configuration list for PBXNativeTarget "Mailbox FinderUITests" */ = {
			isa = XCConfigurationList;
			buildConfigurations = (
				EE9D64AA255E26E300ED1CD8 /* Debug */,
				EE9D64AB255E26E300ED1CD8 /* Release */,
			);
			defaultConfigurationIsVisible = 0;
			defaultConfigurationName = Release;
		};
/* End XCConfigurationList section */
	};
	rootObject = EE9D646F255E26E000ED1CD8 /* Project object */;
}
